
Microsoft Visual Studio Solution File, Format Version 12.00
# Visual Studio Version 16
VisualStudioVersion = 16.0.31515.178
MinimumVisualStudioVersion = 10.0.40219.1
Project("{FAE04EC0-301F-11D3-BF4B-00C04F79EFBC}") = "TestDataGenerator", "TestDataGenerator.csproj", "{97E028BE-919B-4B41-8E19-7C4FD5FFEDEE}"
EndProject
Global
	GlobalSection(SolutionConfigurationPlatforms) = preSolution
		Debug|Any CPU = Debug|Any CPU
		Release|Any CPU = Release|Any CPU
	EndGlobalSection
	GlobalSection(ProjectConfigurationPlatforms) = postSolution
		{97E028BE-919B-4B41-8E19-7C4FD5FFEDEE}.Debug|Any CPU.ActiveCfg = Debug|Any CPU
		{97E028BE-919B-4B41-8E19-7C4FD5FFEDEE}.Debug|Any CPU.Build.0 = Debug|Any CPU
		{97E028BE-919B-4B41-8E19-7C4FD5FFEDEE}.Release|Any CPU.ActiveCfg = Release|Any CPU
		{97E028BE-919B-4B41-8E19-7C4FD5FFEDEE}.Release|Any CPU.Build.0 = Release|Any CPU
	EndGlobalSection
	GlobalSection(SolutionProperties) = preSolution
		HideSolutionNode = FALSE
	EndGlobalSection
	GlobalSection(ExtensibilityGlobals) = postSolution
		SolutionGuid = {2C5EEE6A-05AC-426D-91DC-F3E989D82C20}
	EndGlobalSection
EndGlobal
